
Microsoft Visual Studio Solution File, Format Version 12.00
# Visual Studio Version 16
VisualStudioVersion = 16.0.30002.166
MinimumVisualStudioVersion = 10.0.40219.1
Project("{FAE04EC0-301F-11D3-BF4B-00C04F79EFBC}") = "LordBountyHunting", "LordBountyHunting\LordBountyHunting.csproj", "{0A160D05-F574-45D7-BE40-5474ECCBF594}"
EndProject
Global
	GlobalSection(SolutionConfigurationPlatforms) = preSolution
		Debug|Any CPU = Debug|Any CPU
		Release|Any CPU = Release|Any CPU
	EndGlobalSection
	GlobalSection(ProjectConfigurationPlatforms) = postSolution
		{0A160D05-F574-45D7-BE40-5474ECCBF594}.Debug|Any CPU.ActiveCfg = Debug|Any CPU
		{0A160D05-F574-45D7-BE40-5474ECCBF594}.Debug|Any CPU.Build.0 = Debug|Any CPU
		{0A160D05-F574-45D7-BE40-5474ECCBF594}.Release|Any CPU.ActiveCfg = Release|Any CPU
		{0A160D05-F574-45D7-BE40-5474ECCBF594}.Release|Any CPU.Build.0 = Release|Any CPU
	EndGlobalSection
	GlobalSection(SolutionProperties) = preSolution
		HideSolutionNode = FALSE
	EndGlobalSection
	GlobalSection(ExtensibilityGlobals) = postSolution
		SolutionGuid = {91A3B38C-3409-4242-8683-3E878BECA648}
	EndGlobalSection
EndGlobal
