
Microsoft Visual Studio Solution File, Format Version 12.00
# Visual Studio Version 16
VisualStudioVersion = 16.0.30002.166
MinimumVisualStudioVersion = 10.0.40219.1
Project("{FAE04EC0-301F-11D3-BF4B-00C04F79EFBC}") = "PBQuestEngine", "PBQuestEngine\PBQuestEngine.csproj", "{FEE1200A-9F37-4AA6-B2E4-392236BA8642}"
EndProject
Global
	GlobalSection(SolutionConfigurationPlatforms) = preSolution
		Debug|Any CPU = Debug|Any CPU
		Release|Any CPU = Release|Any CPU
	EndGlobalSection
	GlobalSection(ProjectConfigurationPlatforms) = postSolution
		{FEE1200A-9F37-4AA6-B2E4-392236BA8642}.Debug|Any CPU.ActiveCfg = Debug|Any CPU
		{FEE1200A-9F37-4AA6-B2E4-392236BA8642}.Debug|Any CPU.Build.0 = Debug|Any CPU
		{FEE1200A-9F37-4AA6-B2E4-392236BA8642}.Release|Any CPU.ActiveCfg = Release|Any CPU
		{FEE1200A-9F37-4AA6-B2E4-392236BA8642}.Release|Any CPU.Build.0 = Release|Any CPU
	EndGlobalSection
	GlobalSection(SolutionProperties) = preSolution
		HideSolutionNode = FALSE
	EndGlobalSection
	GlobalSection(ExtensibilityGlobals) = postSolution
		SolutionGuid = {0A336083-B3AF-4682-BAA3-905EE1DA3617}
	EndGlobalSection
EndGlobal
