
Microsoft Visual Studio Solution File, Format Version 12.00
# Visual Studio Version 16
VisualStudioVersion = 16.0.30002.166
MinimumVisualStudioVersion = 10.0.40219.1
Project("{FAE04EC0-301F-11D3-BF4B-00C04F79EFBC}") = "SC_Teaser_Quests", "SC_Teaser_Quests\SC_Teaser_Quests.csproj", "{F3681E03-7211-480A-8A63-AE0D3454ABA1}"
EndProject
Global
	GlobalSection(SolutionConfigurationPlatforms) = preSolution
		Debug|Any CPU = Debug|Any CPU
		Release|Any CPU = Release|Any CPU
	EndGlobalSection
	GlobalSection(ProjectConfigurationPlatforms) = postSolution
		{F3681E03-7211-480A-8A63-AE0D3454ABA1}.Debug|Any CPU.ActiveCfg = Debug|Any CPU
		{F3681E03-7211-480A-8A63-AE0D3454ABA1}.Debug|Any CPU.Build.0 = Debug|Any CPU
		{F3681E03-7211-480A-8A63-AE0D3454ABA1}.Release|Any CPU.ActiveCfg = Release|Any CPU
		{F3681E03-7211-480A-8A63-AE0D3454ABA1}.Release|Any CPU.Build.0 = Release|Any CPU
	EndGlobalSection
	GlobalSection(SolutionProperties) = preSolution
		HideSolutionNode = FALSE
	EndGlobalSection
	GlobalSection(ExtensibilityGlobals) = postSolution
		SolutionGuid = {38A6FAE3-3B5B-497B-A2DC-089FA1382B3B}
	EndGlobalSection
EndGlobal
